
Microsoft Visual Studio Solution File, Format Version 12.00
# Visual Studio 2013
VisualStudioVersion = 12.0.21005.1
MinimumVisualStudioVersion = 10.0.40219.1
Project("{FAE04EC0-301F-11D3-BF4B-00C04F79EFBC}") = "pOmmes", "pOmmes\pOmmes.csproj", "{DF90BC98-D922-4BBF-A355-B0ADA2D66655}"
EndProject
Project("{FAE04EC0-301F-11D3-BF4B-00C04F79EFBC}") = "pOmmes_Common", "pOmmes_Common\pOmmes_Common.csproj", "{55682C30-67B5-4F08-9391-C9AAC70CCB34}"
EndProject
Project("{FAE04EC0-301F-11D3-BF4B-00C04F79EFBC}") = "pOmmes_Data", "pOmmes_Data\pOmmes_Data.csproj", "{7F0253E5-2E85-4FFD-BB4D-75A09F959C78}"
EndProject
Project("{FAE04EC0-301F-11D3-BF4B-00C04F79EFBC}") = "pOmmes_Data_MongoDB", "pOmmes_Data_MongoDB\pOmmes_Data_MongoDB.csproj", "{F5F4F08F-E0E4-4FDE-AC53-6DB78A97C43B}"
EndProject
Project("{FAE04EC0-301F-11D3-BF4B-00C04F79EFBC}") = "pOmmes_Common_Dic", "pOmmes_Common_Dic\pOmmes_Common_Dic.csproj", "{72CB499B-F345-4BA1-9453-39000055D4FE}"
EndProject
Global
	GlobalSection(SolutionConfigurationPlatforms) = preSolution
		Debug|Any CPU = Debug|Any CPU
		Release|Any CPU = Release|Any CPU
	EndGlobalSection
	GlobalSection(ProjectConfigurationPlatforms) = postSolution
		{DF90BC98-D922-4BBF-A355-B0ADA2D66655}.Debug|Any CPU.ActiveCfg = Debug|Any CPU
		{DF90BC98-D922-4BBF-A355-B0ADA2D66655}.Debug|Any CPU.Build.0 = Debug|Any CPU
		{DF90BC98-D922-4BBF-A355-B0ADA2D66655}.Release|Any CPU.ActiveCfg = Release|Any CPU
		{DF90BC98-D922-4BBF-A355-B0ADA2D66655}.Release|Any CPU.Build.0 = Release|Any CPU
		{55682C30-67B5-4F08-9391-C9AAC70CCB34}.Debug|Any CPU.ActiveCfg = Debug|Any CPU
		{55682C30-67B5-4F08-9391-C9AAC70CCB34}.Debug|Any CPU.Build.0 = Debug|Any CPU
		{55682C30-67B5-4F08-9391-C9AAC70CCB34}.Debug|Any CPU.Deploy.0 = Debug|Any CPU
		{55682C30-67B5-4F08-9391-C9AAC70CCB34}.Release|Any CPU.ActiveCfg = Release|Any CPU
		{55682C30-67B5-4F08-9391-C9AAC70CCB34}.Release|Any CPU.Build.0 = Release|Any CPU
		{7F0253E5-2E85-4FFD-BB4D-75A09F959C78}.Debug|Any CPU.ActiveCfg = Debug|Any CPU
		{7F0253E5-2E85-4FFD-BB4D-75A09F959C78}.Debug|Any CPU.Build.0 = Debug|Any CPU
		{7F0253E5-2E85-4FFD-BB4D-75A09F959C78}.Release|Any CPU.ActiveCfg = Release|Any CPU
		{7F0253E5-2E85-4FFD-BB4D-75A09F959C78}.Release|Any CPU.Build.0 = Release|Any CPU
		{F5F4F08F-E0E4-4FDE-AC53-6DB78A97C43B}.Debug|Any CPU.ActiveCfg = Debug|Any CPU
		{F5F4F08F-E0E4-4FDE-AC53-6DB78A97C43B}.Debug|Any CPU.Build.0 = Debug|Any CPU
		{F5F4F08F-E0E4-4FDE-AC53-6DB78A97C43B}.Release|Any CPU.ActiveCfg = Release|Any CPU
		{F5F4F08F-E0E4-4FDE-AC53-6DB78A97C43B}.Release|Any CPU.Build.0 = Release|Any CPU
		{72CB499B-F345-4BA1-9453-39000055D4FE}.Debug|Any CPU.ActiveCfg = Debug|Any CPU
		{72CB499B-F345-4BA1-9453-39000055D4FE}.Debug|Any CPU.Build.0 = Debug|Any CPU
		{72CB499B-F345-4BA1-9453-39000055D4FE}.Release|Any CPU.ActiveCfg = Release|Any CPU
		{72CB499B-F345-4BA1-9453-39000055D4FE}.Release|Any CPU.Build.0 = Release|Any CPU
	EndGlobalSection
	GlobalSection(SolutionProperties) = preSolution
		HideSolutionNode = FALSE
	EndGlobalSection
EndGlobal
